
Microsoft Visual Studio Solution File, Format Version 12.00
# Visual Studio Version 17
VisualStudioVersion = 17.6.33626.354
MinimumVisualStudioVersion = 10.0.40219.1
Project("{FAE04EC0-301F-11D3-BF4B-00C04F79EFBC}") = "SoportaAI.Telegram.Bot", "src\SoportaAI.Telegram.Bot\SoportaAI.Telegram.Bot.csproj", "{ADC1CEC4-FF9C-4570-B342-3D520CD23AA3}"
EndProject
Global
	GlobalSection(SolutionConfigurationPlatforms) = preSolution
		Debug|Any CPU = Debug|Any CPU
		Release|Any CPU = Release|Any CPU
	EndGlobalSection
	GlobalSection(ProjectConfigurationPlatforms) = postSolution
		{ADC1CEC4-FF9C-4570-B342-3D520CD23AA3}.Debug|Any CPU.ActiveCfg = Debug|Any CPU
		{ADC1CEC4-FF9C-4570-B342-3D520CD23AA3}.Debug|Any CPU.Build.0 = Debug|Any CPU
		{ADC1CEC4-FF9C-4570-B342-3D520CD23AA3}.Release|Any CPU.ActiveCfg = Release|Any CPU
		{ADC1CEC4-FF9C-4570-B342-3D520CD23AA3}.Release|Any CPU.Build.0 = Release|Any CPU
	EndGlobalSection
	GlobalSection(SolutionProperties) = preSolution
		HideSolutionNode = FALSE
	EndGlobalSection
	GlobalSection(ExtensibilityGlobals) = postSolution
		SolutionGuid = {77C0133D-4D02-469B-925E-8FE45469A59B}
	EndGlobalSection
EndGlobal
